# This file is autogenerated, do not edit; changes may be undone by the next 'dep ensure'.


[[projects]]
  branch = "master"
  name = "github.com/fatih/flags"
  packages = ["."]
  revision = "302926783d75142fb1d5611aba97f039b8148e9d"

[solve-meta]
  analyzer-name = "dep"
  analyzer-version = 1
  inputs-digest = "1a29bdde4d0c6a9c1af7029697e4165a629eac98911b361542d59f97dedd0c09"
  solver-name = "gps-cdcl"
  solver-version = 1
